
Microsoft Visual Studio Solution File, Format Version 12.00
# Visual Studio Version 17
VisualStudioVersion = 17.0.31903.59
MinimumVisualStudioVersion = 10.0.40219.1
Project("{2150E333-8FDC-42A3-9474-1A3956D46DE8}") = "src", "src", "{827E0CD3-B72D-47B6-A68D-7590B98EB39B}"
EndProject
Project("{FAE04EC0-301F-11D3-BF4B-00C04F79EFBC}") = "Sextant.Core", "src\Sextant.Core\Sextant.Core.csproj", "{E438C0FB-C19F-4211-984E-C46A36DE5C29}"
EndProject
Project("{2150E333-8FDC-42A3-9474-1A3956D46DE8}") = "tests", "tests", "{0AB3BF05-4346-4AA6-1389-037BE0695223}"
EndProject
Project("{FAE04EC0-301F-11D3-BF4B-00C04F79EFBC}") = "Sextant.Core.Tests", "tests\Sextant.Core.Tests\Sextant.Core.Tests.csproj", "{E4073C35-A455-42BB-9BD9-51E2BC135925}"
EndProject
Project("{FAE04EC0-301F-11D3-BF4B-00C04F79EFBC}") = "Sextant.App", "src\Sextant.App\Sextant.App.csproj", "{26BF9822-053E-442E-A3CA-D2EC7456D8CF}"
EndProject
Project("{2150E333-8FDC-42A3-9474-1A3956D46DE8}") = "tools", "tools", "{07C2787E-EAC7-C090-1BA3-A61EC2A24D84}"
EndProject
Project("{FAE04EC0-301F-11D3-BF4B-00C04F79EFBC}") = "Sextant.Pack", "tools\Sextant.Pack\Sextant.Pack.csproj", "{30F0597E-E7BF-475D-A749-5C3999A64384}"
EndProject
Global
	GlobalSection(SolutionConfigurationPlatforms) = preSolution
		Debug|Any CPU = Debug|Any CPU
		Debug|x64 = Debug|x64
		Debug|x86 = Debug|x86
		Release|Any CPU = Release|Any CPU
		Release|x64 = Release|x64
		Release|x86 = Release|x86
	EndGlobalSection
	GlobalSection(ProjectConfigurationPlatforms) = postSolution
		{E438C0FB-C19F-4211-984E-C46A36DE5C29}.Debug|Any CPU.ActiveCfg = Debug|Any CPU
		{E438C0FB-C19F-4211-984E-C46A36DE5C29}.Debug|Any CPU.Build.0 = Debug|Any CPU
		{E438C0FB-C19F-4211-984E-C46A36DE5C29}.Debug|x64.ActiveCfg = Debug|Any CPU
		{E438C0FB-C19F-4211-984E-C46A36DE5C29}.Debug|x64.Build.0 = Debug|Any CPU
		{E438C0FB-C19F-4211-984E-C46A36DE5C29}.Debug|x86.ActiveCfg = Debug|Any CPU
		{E438C0FB-C19F-4211-984E-C46A36DE5C29}.Debug|x86.Build.0 = Debug|Any CPU
		{E438C0FB-C19F-4211-984E-C46A36DE5C29}.Release|Any CPU.ActiveCfg = Release|Any CPU
		{E438C0FB-C19F-4211-984E-C46A36DE5C29}.Release|Any CPU.Build.0 = Release|Any CPU
		{E438C0FB-C19F-4211-984E-C46A36DE5C29}.Release|x64.ActiveCfg = Release|Any CPU
		{E438C0FB-C19F-4211-984E-C46A36DE5C29}.Release|x64.Build.0 = Release|Any CPU
		{E438C0FB-C19F-4211-984E-C46A36DE5C29}.Release|x86.ActiveCfg = Release|Any CPU
		{E438C0FB-C19F-4211-984E-C46A36DE5C29}.Release|x86.Build.0 = Release|Any CPU
		{E4073C35-A455-42BB-9BD9-51E2BC135925}.Debug|Any CPU.ActiveCfg = Debug|Any CPU
		{E4073C35-A455-42BB-9BD9-51E2BC135925}.Debug|Any CPU.Build.0 = Debug|Any CPU
		{E4073C35-A455-42BB-9BD9-51E2BC135925}.Debug|x64.ActiveCfg = Debug|Any CPU
		{E4073C35-A455-42BB-9BD9-51E2BC135925}.Debug|x64.Build.0 = Debug|Any CPU
		{E4073C35-A455-42BB-9BD9-51E2BC135925}.Debug|x86.ActiveCfg = Debug|Any CPU
		{E4073C35-A455-42BB-9BD9-51E2BC135925}.Debug|x86.Build.0 = Debug|Any CPU
		{E4073C35-A455-42BB-9BD9-51E2BC135925}.Release|Any CPU.ActiveCfg = Release|Any CPU
		{E4073C35-A455-42BB-9BD9-51E2BC135925}.Release|Any CPU.Build.0 = Release|Any CPU
		{E4073C35-A455-42BB-9BD9-51E2BC135925}.Release|x64.ActiveCfg = Release|Any CPU
		{E4073C35-A455-42BB-9BD9-51E2BC135925}.Release|x64.Build.0 = Release|Any CPU
		{E4073C35-A455-42BB-9BD9-51E2BC135925}.Release|x86.ActiveCfg = Release|Any CPU
		{E4073C35-A455-42BB-9BD9-51E2BC135925}.Release|x86.Build.0 = Release|Any CPU
		{26BF9822-053E-442E-A3CA-D2EC7456D8CF}.Debug|Any CPU.ActiveCfg = Debug|Any CPU
		{26BF9822-053E-442E-A3CA-D2EC7456D8CF}.Debug|Any CPU.Build.0 = Debug|Any CPU
		{26BF9822-053E-442E-A3CA-D2EC7456D8CF}.Debug|x64.ActiveCfg = Debug|Any CPU
		{26BF9822-053E-442E-A3CA-D2EC7456D8CF}.Debug|x64.Build.0 = Debug|Any CPU
		{26BF9822-053E-442E-A3CA-D2EC7456D8CF}.Debug|x86.ActiveCfg = Debug|Any CPU
		{26BF9822-053E-442E-A3CA-D2EC7456D8CF}.Debug|x86.Build.0 = Debug|Any CPU
		{26BF9822-053E-442E-A3CA-D2EC7456D8CF}.Release|Any CPU.ActiveCfg = Release|Any CPU
		{26BF9822-053E-442E-A3CA-D2EC7456D8CF}.Release|Any CPU.Build.0 = Release|Any CPU
		{26BF9822-053E-442E-A3CA-D2EC7456D8CF}.Release|x64.ActiveCfg = Release|Any CPU
		{26BF9822-053E-442E-A3CA-D2EC7456D8CF}.Release|x64.Build.0 = Release|Any CPU
		{26BF9822-053E-442E-A3CA-D2EC7456D8CF}.Release|x86.ActiveCfg = Release|Any CPU
		{26BF9822-053E-442E-A3CA-D2EC7456D8CF}.Release|x86.Build.0 = Release|Any CPU
		{30F0597E-E7BF-475D-A749-5C3999A64384}.Debug|Any CPU.ActiveCfg = Debug|Any CPU
		{30F0597E-E7BF-475D-A749-5C3999A64384}.Debug|Any CPU.Build.0 = Debug|Any CPU
		{30F0597E-E7BF-475D-A749-5C3999A64384}.Debug|x64.ActiveCfg = Debug|Any CPU
		{30F0597E-E7BF-475D-A749-5C3999A64384}.Debug|x64.Build.0 = Debug|Any CPU
		{30F0597E-E7BF-475D-A749-5C3999A64384}.Debug|x86.ActiveCfg = Debug|Any CPU
		{30F0597E-E7BF-475D-A749-5C3999A64384}.Debug|x86.Build.0 = Debug|Any CPU
		{30F0597E-E7BF-475D-A749-5C3999A64384}.Release|Any CPU.ActiveCfg = Release|Any CPU
		{30F0597E-E7BF-475D-A749-5C3999A64384}.Release|Any CPU.Build.0 = Release|Any CPU
		{30F0597E-E7BF-475D-A749-5C3999A64384}.Release|x64.ActiveCfg = Release|Any CPU
		{30F0597E-E7BF-475D-A749-5C3999A64384}.Release|x64.Build.0 = Release|Any CPU
		{30F0597E-E7BF-475D-A749-5C3999A64384}.Release|x86.ActiveCfg = Release|Any CPU
		{30F0597E-E7BF-475D-A749-5C3999A64384}.Release|x86.Build.0 = Release|Any CPU
	EndGlobalSection
	GlobalSection(SolutionProperties) = preSolution
		HideSolutionNode = FALSE
	EndGlobalSection
	GlobalSection(NestedProjects) = preSolution
		{E438C0FB-C19F-4211-984E-C46A36DE5C29} = {827E0CD3-B72D-47B6-A68D-7590B98EB39B}
		{E4073C35-A455-42BB-9BD9-51E2BC135925} = {0AB3BF05-4346-4AA6-1389-037BE0695223}
		{26BF9822-053E-442E-A3CA-D2EC7456D8CF} = {827E0CD3-B72D-47B6-A68D-7590B98EB39B}
		{30F0597E-E7BF-475D-A749-5C3999A64384} = {07C2787E-EAC7-C090-1BA3-A61EC2A24D84}
	EndGlobalSection
EndGlobal
